
Microsoft Visual Studio Solution File, Format Version 11.00
# Visual Studio 2010
Project("{FAE04EC0-301F-11D3-BF4B-00C04F79EFBC}") = "Assembly-CSharp", "Assembly-CSharp.csproj", "{814BA15E-A7B3-270C-5C21-605E3A0CBC2C}"
EndProject
Global
	GlobalSection(SolutionConfigurationPlatforms) = preSolution
		Debug|Any CPU = Debug|Any CPU
		Release|Any CPU = Release|Any CPU
	EndGlobalSection
	GlobalSection(ProjectConfigurationPlatforms) = postSolution
		{814BA15E-A7B3-270C-5C21-605E3A0CBC2C}.Debug|Any CPU.ActiveCfg = Debug|Any CPU
		{814BA15E-A7B3-270C-5C21-605E3A0CBC2C}.Debug|Any CPU.Build.0 = Debug|Any CPU
		{814BA15E-A7B3-270C-5C21-605E3A0CBC2C}.Release|Any CPU.ActiveCfg = Release|Any CPU
		{814BA15E-A7B3-270C-5C21-605E3A0CBC2C}.Release|Any CPU.Build.0 = Release|Any CPU
	EndGlobalSection
	GlobalSection(SolutionProperties) = preSolution
		HideSolutionNode = FALSE
	EndGlobalSection
EndGlobal
